<?xml version="1.0" encoding="utf-8"?>
<Project ToolsVersion="4.0" xmlns="http://schemas.microsoft.com/developer/msbuild/2003">
  <ItemGroup>
    <Filter Include="Source Files">
      <UniqueIdentifier>{4FC737F1-C7A5-4376-A066-2A32D752A2FF}</UniqueIdentifier>
      <Extensions>cpp;c;cc;cxx;c++;cppm;ixx;def;odl;idl;hpj;bat;asm;asmx</Extensions>
    </Filter>
    <Filter Include="Header Files">
      <UniqueIdentifier>{93995380-89BD-4b04-88EB-625FBE52EBFB}</UniqueIdentifier>
      <Extensions>h;hh;hpp;hxx;h++;hm;inl;inc;ipp;xsd</Extensions>
    </Filter>
    <Filter Include="Resource Files">
      <UniqueIdentifier>{67DA6AB6-F800-4c08-8B7A-83BB121AAD01}</UniqueIdentifier>
      <Extensions>rc;ico;cur;bmp;dlg;rc2;rct;bin;rgs;gif;jpg;jpeg;jpe;resx;tiff;tif;png;wav;mfcribbon-ms</Extensions>
    </Filter>
    <Filter Include="Source Files\figures">
      <UniqueIdentifier>{44e20ddb-540f-4491-bf35-0fefeb5eeb7a}</UniqueIdentifier>
    </Filter>
    <Filter Include="Header Files\Figure Structures">
      <UniqueIdentifier>{5540b41e-394b-485d-90f2-679f5aa40d14}</UniqueIdentifier>
    </Filter>
    <Filter Include="Header Files\Figures">
      <UniqueIdentifier>{20de8a39-db7c-4410-bad1-31410f585a8f}</UniqueIdentifier>
    </Filter>
    <Filter Include="Header Files\Constants">
      <UniqueIdentifier>{4915f213-b757-421c-ae52-5778fb81648b}</UniqueIdentifier>
    </Filter>
  </ItemGroup>
  <ItemGroup>
    <ClInclude Include="ChessApp.h">
      <Filter>Header Files</Filter>
    </ClInclude>
    <ClInclude Include="MainWindow.h">
      <Filter>Header Files</Filter>
    </ClInclude>
    <ClInclude Include="BoardCanvas.h">
      <Filter>Header Files</Filter>
    </ClInclude>
    <ClInclude Include="wxSfmlCanvas.h">
      <Filter>Header Files</Filter>
    </ClInclude>
    <ClInclude Include="Veles.h">
      <Filter>Header Files\Figures</Filter>
    </ClInclude>
    <ClInclude Include="BadColourException.h">
      <Filter>Header Files</Filter>
    </ClInclude>
    <ClInclude Include="Hastatus.h">
      <Filter>Header Files\Figures</Filter>
    </ClInclude>
    <ClInclude Include="Figure.h">
      <Filter>Header Files\Figures</Filter>
    </ClInclude>
    <ClInclude Include="BoardCoordinates.h">
      <Filter>Header Files\Figure Structures</Filter>
    </ClInclude>
    <ClInclude Include="wxConstants.h">
      <Filter>Header Files\Constants</Filter>
    </ClInclude>
    <ClInclude Include="wxID.h">
      <Filter>Header Files\Constants</Filter>
    </ClInclude>
    <ClInclude Include="ID.h">
      <Filter>Header Files\Constants</Filter>
    </ClInclude>
    <ClInclude Include="Constants.h">
      <Filter>Header Files\Constants</Filter>
    </ClInclude>
    <ClInclude Include="Princeps.h">
      <Filter>Header Files\Figures</Filter>
    </ClInclude>
    <ClInclude Include="Triarius.h">
      <Filter>Header Files\Figures</Filter>
    </ClInclude>
    <ClInclude Include="Eques.h">
      <Filter>Header Files\Figures</Filter>
    </ClInclude>
    <ClInclude Include="Consul.h">
      <Filter>Header Files\Figures</Filter>
    </ClInclude>
    <ClInclude Include="PontifexMaximus.h">
      <Filter>Header Files\Figures</Filter>
    </ClInclude>
    <ClInclude Include="FigureIncludes.h">
      <Filter>Header Files\Figures</Filter>
    </ClInclude>
    <ClInclude Include="RomanChessAI.h">
      <Filter>Header Files</Filter>
    </ClInclude>
    <ClInclude Include="RomanChessNode.h">
      <Filter>Header Files</Filter>
    </ClInclude>
    <ClInclude Include="RomanChessGameEngine.h">
      <Filter>Header Files</Filter>
    </ClInclude>
  </ItemGroup>
  <ItemGroup>
    <ClCompile Include="ChessApp.cpp">
      <Filter>Source Files</Filter>
    </ClCompile>
    <ClCompile Include="BoardCanvas.cpp">
      <Filter>Source Files</Filter>
    </ClCompile>
    <ClCompile Include="wxSfmlCanvas.cpp">
      <Filter>Source Files</Filter>
    </ClCompile>
    <ClCompile Include="Veles.cpp">
      <Filter>Source Files\figures</Filter>
    </ClCompile>
    <ClCompile Include="BadColourException.cpp">
      <Filter>Source Files</Filter>
    </ClCompile>
    <ClCompile Include="Hastatus.cpp">
      <Filter>Source Files\figures</Filter>
    </ClCompile>
    <ClCompile Include="Princeps.cpp">
      <Filter>Source Files\figures</Filter>
    </ClCompile>
    <ClCompile Include="Triarius.cpp">
      <Filter>Source Files\figures</Filter>
    </ClCompile>
    <ClCompile Include="Eques.cpp">
      <Filter>Source Files\figures</Filter>
    </ClCompile>
    <ClCompile Include="MainWindow.cpp">
      <Filter>Source Files</Filter>
    </ClCompile>
    <ClCompile Include="Consul.cpp">
      <Filter>Source Files\figures</Filter>
    </ClCompile>
    <ClCompile Include="PontifexMaximus.cpp">
      <Filter>Source Files\figures</Filter>
    </ClCompile>
    <ClCompile Include="RomanChessAI.cpp">
      <Filter>Source Files</Filter>
    </ClCompile>
  </ItemGroup>
</Project>